
Microsoft Visual Studio Solution File, Format Version 12.00
# Visual Studio 14
VisualStudioVersion = 14.0.25420.1
MinimumVisualStudioVersion = 10.0.40219.1
Project("{FAE04EC0-301F-11D3-BF4B-00C04F79EFBC}") = "BlogSitesi", "BlogSitesi\BlogSitesi.csproj", "{7F7EC3A9-2463-4996-8CBD-5E78479F5D1E}"
EndProject
Project("{FAE04EC0-301F-11D3-BF4B-00C04F79EFBC}") = "api", "api\api.csproj", "{FA55B116-9A78-4A19-A93D-22BA6878AF26}"
EndProject
Global
	GlobalSection(SolutionConfigurationPlatforms) = preSolution
		Debug|Any CPU = Debug|Any CPU
		Release|Any CPU = Release|Any CPU
	EndGlobalSection
	GlobalSection(ProjectConfigurationPlatforms) = postSolution
		{7F7EC3A9-2463-4996-8CBD-5E78479F5D1E}.Debug|Any CPU.ActiveCfg = Debug|Any CPU
		{7F7EC3A9-2463-4996-8CBD-5E78479F5D1E}.Debug|Any CPU.Build.0 = Debug|Any CPU
		{7F7EC3A9-2463-4996-8CBD-5E78479F5D1E}.Release|Any CPU.ActiveCfg = Release|Any CPU
		{7F7EC3A9-2463-4996-8CBD-5E78479F5D1E}.Release|Any CPU.Build.0 = Release|Any CPU
		{FA55B116-9A78-4A19-A93D-22BA6878AF26}.Debug|Any CPU.ActiveCfg = Debug|Any CPU
		{FA55B116-9A78-4A19-A93D-22BA6878AF26}.Debug|Any CPU.Build.0 = Debug|Any CPU
		{FA55B116-9A78-4A19-A93D-22BA6878AF26}.Release|Any CPU.ActiveCfg = Release|Any CPU
		{FA55B116-9A78-4A19-A93D-22BA6878AF26}.Release|Any CPU.Build.0 = Release|Any CPU
	EndGlobalSection
	GlobalSection(SolutionProperties) = preSolution
		HideSolutionNode = FALSE
	EndGlobalSection
EndGlobal
