
Microsoft Visual Studio Solution File, Format Version 12.00
# Visual Studio 14
VisualStudioVersion = 14.0.25420.1
MinimumVisualStudioVersion = 10.0.40219.1
Project("{FAE04EC0-301F-11D3-BF4B-00C04F79EFBC}") = "proje", "proje\proje.csproj", "{A8EF4328-D422-4497-9425-350C33002112}"
EndProject
Project("{FAE04EC0-301F-11D3-BF4B-00C04F79EFBC}") = "api", "api\api.csproj", "{879A819B-E199-4AE4-ACD0-AB84DC8B9DA4}"
EndProject
Project("{FAE04EC0-301F-11D3-BF4B-00C04F79EFBC}") = "mvcapicekme", "mvcapicekme\mvcapicekme.csproj", "{5A0692C7-03CE-4ABA-9E49-55037040AA8A}"
EndProject
Global
	GlobalSection(SolutionConfigurationPlatforms) = preSolution
		Debug|Any CPU = Debug|Any CPU
		Release|Any CPU = Release|Any CPU
	EndGlobalSection
	GlobalSection(ProjectConfigurationPlatforms) = postSolution
		{A8EF4328-D422-4497-9425-350C33002112}.Debug|Any CPU.ActiveCfg = Debug|Any CPU
		{A8EF4328-D422-4497-9425-350C33002112}.Debug|Any CPU.Build.0 = Debug|Any CPU
		{A8EF4328-D422-4497-9425-350C33002112}.Release|Any CPU.ActiveCfg = Release|Any CPU
		{A8EF4328-D422-4497-9425-350C33002112}.Release|Any CPU.Build.0 = Release|Any CPU
		{879A819B-E199-4AE4-ACD0-AB84DC8B9DA4}.Debug|Any CPU.ActiveCfg = Debug|Any CPU
		{879A819B-E199-4AE4-ACD0-AB84DC8B9DA4}.Debug|Any CPU.Build.0 = Debug|Any CPU
		{879A819B-E199-4AE4-ACD0-AB84DC8B9DA4}.Release|Any CPU.ActiveCfg = Release|Any CPU
		{879A819B-E199-4AE4-ACD0-AB84DC8B9DA4}.Release|Any CPU.Build.0 = Release|Any CPU
		{5A0692C7-03CE-4ABA-9E49-55037040AA8A}.Debug|Any CPU.ActiveCfg = Debug|Any CPU
		{5A0692C7-03CE-4ABA-9E49-55037040AA8A}.Debug|Any CPU.Build.0 = Debug|Any CPU
		{5A0692C7-03CE-4ABA-9E49-55037040AA8A}.Release|Any CPU.ActiveCfg = Release|Any CPU
		{5A0692C7-03CE-4ABA-9E49-55037040AA8A}.Release|Any CPU.Build.0 = Release|Any CPU
	EndGlobalSection
	GlobalSection(SolutionProperties) = preSolution
		HideSolutionNode = FALSE
	EndGlobalSection
EndGlobal
